
Microsoft Visual Studio Solution File, Format Version 12.00
# Visual Studio 2013
VisualStudioVersion = 12.0.21005.1
MinimumVisualStudioVersion = 10.0.40219.1
Project("{FAE04EC0-301F-11D3-BF4B-00C04F79EFBC}") = "Shared", "Shared\Shared.csproj", "{ACF37CDC-3486-4222-9176-AE3A400AADD9}"
EndProject
Project("{FAE04EC0-301F-11D3-BF4B-00C04F79EFBC}") = "UsineEnFolie", "UsineEnFolie\UsineEnFolie.csproj", "{1311EB06-DB54-42C2-81DE-16C18143095A}"
EndProject
Project("{FAE04EC0-301F-11D3-BF4B-00C04F79EFBC}") = "UsineEnFolieContent", "UsineEnFolieContent\UsineEnFolieContent.contentproj", "{7E3A2A2D-BFAF-443E-9469-34C96F53E4CF}"
EndProject
Project("{FAE04EC0-301F-11D3-BF4B-00C04F79EFBC}") = "Geex.Edit.UeF", "Geex.Edit.UeF\Geex.Edit.UeF.csproj", "{A7327B52-BAC3-476F-ABA9-6401A496E0DE}"
EndProject
Project("{FAE04EC0-301F-11D3-BF4B-00C04F79EFBC}") = "Geex.Edit.UeF.Project", "Geex.Edit.UeF.Project\Geex.Edit.UeF.Project.csproj", "{3937CE74-5D31-42E4-854D-7CC665D8683B}"
EndProject
Project("{FAE04EC0-301F-11D3-BF4B-00C04F79EFBC}") = "MaskGenerator", "MaskGenerator\MaskGenerator.csproj", "{6590B3C2-864D-4C9A-9504-2D791D4E1778}"
EndProject
Project("{FAE04EC0-301F-11D3-BF4B-00C04F79EFBC}") = "ContentPipeline", "MapImporter\ContentPipeline.csproj", "{3B0CC5B1-2DBB-442D-83B6-77756E29239E}"
EndProject
Project("{FAE04EC0-301F-11D3-BF4B-00C04F79EFBC}") = "FileGenerator", "FileGenerator\FileGenerator.csproj", "{8100EDAB-616E-46B0-92C2-D33315BE4078}"
EndProject
Project("{FAE04EC0-301F-11D3-BF4B-00C04F79EFBC}") = "PerfTests", "PerfTests\PerfTests.csproj", "{A32FD153-5C7B-4D19-8F01-C6EA920A979C}"
EndProject
Project("{FAE04EC0-301F-11D3-BF4B-00C04F79EFBC}") = "GameData", "GameData\GameData.csproj", "{B376D28C-1E50-49FE-9560-8735E0F6C4A7}"
EndProject
Project("{FAE04EC0-301F-11D3-BF4B-00C04F79EFBC}") = "TilesetMaskEditor", "TilesetMaskGenerator\TilesetMaskEditor.csproj", "{36578B5D-9C3D-48B7-A379-CA34A511E6A0}"
EndProject
Project("{FAE04EC0-301F-11D3-BF4B-00C04F79EFBC}") = "Geex.EditContent", "..\..\Geex\Geex.Edit\Geex.Edit\Geex.EditContent\Geex.EditContent.contentproj", "{A054494E-60A7-4C07-AC91-14F1E3E2A8A3}"
EndProject
Project("{FAE04EC0-301F-11D3-BF4B-00C04F79EFBC}") = "Geex.Edit", "Geex.Edit\Geex.Edit.csproj", "{409ED2E2-9793-4E47-B5CC-554E5498CF02}"
EndProject
Project("{FAE04EC0-301F-11D3-BF4B-00C04F79EFBC}") = "Geex.Edit.Common", "Geex.Edit.Common\Geex.Edit.Common.csproj", "{B6F61C15-5D02-4A11-A146-0678C334B274}"
EndProject
Global
	GlobalSection(SolutionConfigurationPlatforms) = preSolution
		Debug|Any CPU = Debug|Any CPU
		Debug|Mixed Platforms = Debug|Mixed Platforms
		Debug|x86 = Debug|x86
		Release|Any CPU = Release|Any CPU
		Release|Mixed Platforms = Release|Mixed Platforms
		Release|x86 = Release|x86
	EndGlobalSection
	GlobalSection(ProjectConfigurationPlatforms) = postSolution
		{ACF37CDC-3486-4222-9176-AE3A400AADD9}.Debug|Any CPU.ActiveCfg = Debug|Any CPU
		{ACF37CDC-3486-4222-9176-AE3A400AADD9}.Debug|Any CPU.Build.0 = Debug|Any CPU
		{ACF37CDC-3486-4222-9176-AE3A400AADD9}.Debug|Mixed Platforms.ActiveCfg = Debug|Any CPU
		{ACF37CDC-3486-4222-9176-AE3A400AADD9}.Debug|Mixed Platforms.Build.0 = Debug|Any CPU
		{ACF37CDC-3486-4222-9176-AE3A400AADD9}.Debug|x86.ActiveCfg = Debug|Any CPU
		{ACF37CDC-3486-4222-9176-AE3A400AADD9}.Release|Any CPU.ActiveCfg = Release|Any CPU
		{ACF37CDC-3486-4222-9176-AE3A400AADD9}.Release|Any CPU.Build.0 = Release|Any CPU
		{ACF37CDC-3486-4222-9176-AE3A400AADD9}.Release|Mixed Platforms.ActiveCfg = Release|Any CPU
		{ACF37CDC-3486-4222-9176-AE3A400AADD9}.Release|Mixed Platforms.Build.0 = Release|Any CPU
		{ACF37CDC-3486-4222-9176-AE3A400AADD9}.Release|x86.ActiveCfg = Release|Any CPU
		{1311EB06-DB54-42C2-81DE-16C18143095A}.Debug|Any CPU.ActiveCfg = Debug|x86
		{1311EB06-DB54-42C2-81DE-16C18143095A}.Debug|Mixed Platforms.ActiveCfg = Debug|x86
		{1311EB06-DB54-42C2-81DE-16C18143095A}.Debug|Mixed Platforms.Build.0 = Debug|x86
		{1311EB06-DB54-42C2-81DE-16C18143095A}.Debug|x86.ActiveCfg = Debug|x86
		{1311EB06-DB54-42C2-81DE-16C18143095A}.Debug|x86.Build.0 = Debug|x86
		{1311EB06-DB54-42C2-81DE-16C18143095A}.Release|Any CPU.ActiveCfg = Release|x86
		{1311EB06-DB54-42C2-81DE-16C18143095A}.Release|Mixed Platforms.ActiveCfg = Release|x86
		{1311EB06-DB54-42C2-81DE-16C18143095A}.Release|Mixed Platforms.Build.0 = Release|x86
		{1311EB06-DB54-42C2-81DE-16C18143095A}.Release|x86.ActiveCfg = Release|x86
		{1311EB06-DB54-42C2-81DE-16C18143095A}.Release|x86.Build.0 = Release|x86
		{7E3A2A2D-BFAF-443E-9469-34C96F53E4CF}.Debug|Any CPU.ActiveCfg = Debug|x86
		{7E3A2A2D-BFAF-443E-9469-34C96F53E4CF}.Debug|Mixed Platforms.ActiveCfg = Debug|x86
		{7E3A2A2D-BFAF-443E-9469-34C96F53E4CF}.Debug|x86.ActiveCfg = Debug|x86
		{7E3A2A2D-BFAF-443E-9469-34C96F53E4CF}.Release|Any CPU.ActiveCfg = Release|x86
		{7E3A2A2D-BFAF-443E-9469-34C96F53E4CF}.Release|Mixed Platforms.ActiveCfg = Release|x86
		{7E3A2A2D-BFAF-443E-9469-34C96F53E4CF}.Release|x86.ActiveCfg = Release|x86
		{A7327B52-BAC3-476F-ABA9-6401A496E0DE}.Debug|Any CPU.ActiveCfg = Debug|Any CPU
		{A7327B52-BAC3-476F-ABA9-6401A496E0DE}.Debug|Any CPU.Build.0 = Debug|Any CPU
		{A7327B52-BAC3-476F-ABA9-6401A496E0DE}.Debug|Mixed Platforms.ActiveCfg = Debug|Any CPU
		{A7327B52-BAC3-476F-ABA9-6401A496E0DE}.Debug|Mixed Platforms.Build.0 = Debug|Any CPU
		{A7327B52-BAC3-476F-ABA9-6401A496E0DE}.Debug|x86.ActiveCfg = Debug|Any CPU
		{A7327B52-BAC3-476F-ABA9-6401A496E0DE}.Release|Any CPU.ActiveCfg = Release|Any CPU
		{A7327B52-BAC3-476F-ABA9-6401A496E0DE}.Release|Any CPU.Build.0 = Release|Any CPU
		{A7327B52-BAC3-476F-ABA9-6401A496E0DE}.Release|Mixed Platforms.ActiveCfg = Release|Any CPU
		{A7327B52-BAC3-476F-ABA9-6401A496E0DE}.Release|Mixed Platforms.Build.0 = Release|Any CPU
		{A7327B52-BAC3-476F-ABA9-6401A496E0DE}.Release|x86.ActiveCfg = Release|Any CPU
		{3937CE74-5D31-42E4-854D-7CC665D8683B}.Debug|Any CPU.ActiveCfg = Debug|x86
		{3937CE74-5D31-42E4-854D-7CC665D8683B}.Debug|Mixed Platforms.ActiveCfg = Debug|x86
		{3937CE74-5D31-42E4-854D-7CC665D8683B}.Debug|Mixed Platforms.Build.0 = Debug|x86
		{3937CE74-5D31-42E4-854D-7CC665D8683B}.Debug|x86.ActiveCfg = Debug|x86
		{3937CE74-5D31-42E4-854D-7CC665D8683B}.Debug|x86.Build.0 = Debug|x86
		{3937CE74-5D31-42E4-854D-7CC665D8683B}.Release|Any CPU.ActiveCfg = Release|x86
		{3937CE74-5D31-42E4-854D-7CC665D8683B}.Release|Mixed Platforms.ActiveCfg = Release|x86
		{3937CE74-5D31-42E4-854D-7CC665D8683B}.Release|Mixed Platforms.Build.0 = Release|x86
		{3937CE74-5D31-42E4-854D-7CC665D8683B}.Release|x86.ActiveCfg = Release|x86
		{3937CE74-5D31-42E4-854D-7CC665D8683B}.Release|x86.Build.0 = Release|x86
		{6590B3C2-864D-4C9A-9504-2D791D4E1778}.Debug|Any CPU.ActiveCfg = Debug|x86
		{6590B3C2-864D-4C9A-9504-2D791D4E1778}.Debug|Mixed Platforms.ActiveCfg = Debug|x86
		{6590B3C2-864D-4C9A-9504-2D791D4E1778}.Debug|Mixed Platforms.Build.0 = Debug|x86
		{6590B3C2-864D-4C9A-9504-2D791D4E1778}.Debug|x86.ActiveCfg = Debug|x86
		{6590B3C2-864D-4C9A-9504-2D791D4E1778}.Debug|x86.Build.0 = Debug|x86
		{6590B3C2-864D-4C9A-9504-2D791D4E1778}.Release|Any CPU.ActiveCfg = Release|x86
		{6590B3C2-864D-4C9A-9504-2D791D4E1778}.Release|Mixed Platforms.ActiveCfg = Release|x86
		{6590B3C2-864D-4C9A-9504-2D791D4E1778}.Release|Mixed Platforms.Build.0 = Release|x86
		{6590B3C2-864D-4C9A-9504-2D791D4E1778}.Release|x86.ActiveCfg = Release|x86
		{6590B3C2-864D-4C9A-9504-2D791D4E1778}.Release|x86.Build.0 = Release|x86
		{3B0CC5B1-2DBB-442D-83B6-77756E29239E}.Debug|Any CPU.ActiveCfg = Debug|x86
		{3B0CC5B1-2DBB-442D-83B6-77756E29239E}.Debug|Any CPU.Build.0 = Debug|x86
		{3B0CC5B1-2DBB-442D-83B6-77756E29239E}.Debug|Mixed Platforms.ActiveCfg = Debug|x86
		{3B0CC5B1-2DBB-442D-83B6-77756E29239E}.Debug|Mixed Platforms.Build.0 = Debug|x86
		{3B0CC5B1-2DBB-442D-83B6-77756E29239E}.Debug|x86.ActiveCfg = Debug|x86
		{3B0CC5B1-2DBB-442D-83B6-77756E29239E}.Debug|x86.Build.0 = Debug|x86
		{3B0CC5B1-2DBB-442D-83B6-77756E29239E}.Release|Any CPU.ActiveCfg = Debug|x86
		{3B0CC5B1-2DBB-442D-83B6-77756E29239E}.Release|Any CPU.Build.0 = Debug|x86
		{3B0CC5B1-2DBB-442D-83B6-77756E29239E}.Release|Mixed Platforms.ActiveCfg = Debug|x86
		{3B0CC5B1-2DBB-442D-83B6-77756E29239E}.Release|Mixed Platforms.Build.0 = Debug|x86
		{3B0CC5B1-2DBB-442D-83B6-77756E29239E}.Release|x86.ActiveCfg = Debug|x86
		{3B0CC5B1-2DBB-442D-83B6-77756E29239E}.Release|x86.Build.0 = Debug|x86
		{8100EDAB-616E-46B0-92C2-D33315BE4078}.Debug|Any CPU.ActiveCfg = Debug|x86
		{8100EDAB-616E-46B0-92C2-D33315BE4078}.Debug|Mixed Platforms.ActiveCfg = Debug|x86
		{8100EDAB-616E-46B0-92C2-D33315BE4078}.Debug|Mixed Platforms.Build.0 = Debug|x86
		{8100EDAB-616E-46B0-92C2-D33315BE4078}.Debug|x86.ActiveCfg = Debug|x86
		{8100EDAB-616E-46B0-92C2-D33315BE4078}.Debug|x86.Build.0 = Debug|x86
		{8100EDAB-616E-46B0-92C2-D33315BE4078}.Release|Any CPU.ActiveCfg = Release|x86
		{8100EDAB-616E-46B0-92C2-D33315BE4078}.Release|Mixed Platforms.ActiveCfg = Release|x86
		{8100EDAB-616E-46B0-92C2-D33315BE4078}.Release|Mixed Platforms.Build.0 = Release|x86
		{8100EDAB-616E-46B0-92C2-D33315BE4078}.Release|x86.ActiveCfg = Release|x86
		{8100EDAB-616E-46B0-92C2-D33315BE4078}.Release|x86.Build.0 = Release|x86
		{A32FD153-5C7B-4D19-8F01-C6EA920A979C}.Debug|Any CPU.ActiveCfg = Debug|x86
		{A32FD153-5C7B-4D19-8F01-C6EA920A979C}.Debug|Mixed Platforms.ActiveCfg = Debug|x86
		{A32FD153-5C7B-4D19-8F01-C6EA920A979C}.Debug|Mixed Platforms.Build.0 = Debug|x86
		{A32FD153-5C7B-4D19-8F01-C6EA920A979C}.Debug|x86.ActiveCfg = Debug|x86
		{A32FD153-5C7B-4D19-8F01-C6EA920A979C}.Debug|x86.Build.0 = Debug|x86
		{A32FD153-5C7B-4D19-8F01-C6EA920A979C}.Release|Any CPU.ActiveCfg = Release|x86
		{A32FD153-5C7B-4D19-8F01-C6EA920A979C}.Release|Mixed Platforms.ActiveCfg = Release|x86
		{A32FD153-5C7B-4D19-8F01-C6EA920A979C}.Release|Mixed Platforms.Build.0 = Release|x86
		{A32FD153-5C7B-4D19-8F01-C6EA920A979C}.Release|x86.ActiveCfg = Release|x86
		{A32FD153-5C7B-4D19-8F01-C6EA920A979C}.Release|x86.Build.0 = Release|x86
		{B376D28C-1E50-49FE-9560-8735E0F6C4A7}.Debug|Any CPU.ActiveCfg = Debug|Any CPU
		{B376D28C-1E50-49FE-9560-8735E0F6C4A7}.Debug|Any CPU.Build.0 = Debug|Any CPU
		{B376D28C-1E50-49FE-9560-8735E0F6C4A7}.Debug|Mixed Platforms.ActiveCfg = Debug|Any CPU
		{B376D28C-1E50-49FE-9560-8735E0F6C4A7}.Debug|Mixed Platforms.Build.0 = Debug|Any CPU
		{B376D28C-1E50-49FE-9560-8735E0F6C4A7}.Debug|x86.ActiveCfg = Debug|Any CPU
		{B376D28C-1E50-49FE-9560-8735E0F6C4A7}.Release|Any CPU.ActiveCfg = Release|Any CPU
		{B376D28C-1E50-49FE-9560-8735E0F6C4A7}.Release|Any CPU.Build.0 = Release|Any CPU
		{B376D28C-1E50-49FE-9560-8735E0F6C4A7}.Release|Mixed Platforms.ActiveCfg = Release|Any CPU
		{B376D28C-1E50-49FE-9560-8735E0F6C4A7}.Release|Mixed Platforms.Build.0 = Release|Any CPU
		{B376D28C-1E50-49FE-9560-8735E0F6C4A7}.Release|x86.ActiveCfg = Release|Any CPU
		{36578B5D-9C3D-48B7-A379-CA34A511E6A0}.Debug|Any CPU.ActiveCfg = Debug|x86
		{36578B5D-9C3D-48B7-A379-CA34A511E6A0}.Debug|Mixed Platforms.ActiveCfg = Debug|x86
		{36578B5D-9C3D-48B7-A379-CA34A511E6A0}.Debug|Mixed Platforms.Build.0 = Debug|x86
		{36578B5D-9C3D-48B7-A379-CA34A511E6A0}.Debug|x86.ActiveCfg = Debug|x86
		{36578B5D-9C3D-48B7-A379-CA34A511E6A0}.Debug|x86.Build.0 = Debug|x86
		{36578B5D-9C3D-48B7-A379-CA34A511E6A0}.Release|Any CPU.ActiveCfg = Release|x86
		{36578B5D-9C3D-48B7-A379-CA34A511E6A0}.Release|Mixed Platforms.ActiveCfg = Release|x86
		{36578B5D-9C3D-48B7-A379-CA34A511E6A0}.Release|Mixed Platforms.Build.0 = Release|x86
		{36578B5D-9C3D-48B7-A379-CA34A511E6A0}.Release|x86.ActiveCfg = Release|x86
		{36578B5D-9C3D-48B7-A379-CA34A511E6A0}.Release|x86.Build.0 = Release|x86
		{A054494E-60A7-4C07-AC91-14F1E3E2A8A3}.Debug|Any CPU.ActiveCfg = Debug|x86
		{A054494E-60A7-4C07-AC91-14F1E3E2A8A3}.Debug|Mixed Platforms.ActiveCfg = Debug|x86
		{A054494E-60A7-4C07-AC91-14F1E3E2A8A3}.Debug|x86.ActiveCfg = Debug|x86
		{A054494E-60A7-4C07-AC91-14F1E3E2A8A3}.Release|Any CPU.ActiveCfg = Release|x86
		{A054494E-60A7-4C07-AC91-14F1E3E2A8A3}.Release|Mixed Platforms.ActiveCfg = Release|x86
		{A054494E-60A7-4C07-AC91-14F1E3E2A8A3}.Release|x86.ActiveCfg = Release|x86
		{409ED2E2-9793-4E47-B5CC-554E5498CF02}.Debug|Any CPU.ActiveCfg = Debug|x86
		{409ED2E2-9793-4E47-B5CC-554E5498CF02}.Debug|Mixed Platforms.ActiveCfg = Debug|x86
		{409ED2E2-9793-4E47-B5CC-554E5498CF02}.Debug|Mixed Platforms.Build.0 = Debug|x86
		{409ED2E2-9793-4E47-B5CC-554E5498CF02}.Debug|x86.ActiveCfg = Debug|x86
		{409ED2E2-9793-4E47-B5CC-554E5498CF02}.Debug|x86.Build.0 = Debug|x86
		{409ED2E2-9793-4E47-B5CC-554E5498CF02}.Release|Any CPU.ActiveCfg = Release|x86
		{409ED2E2-9793-4E47-B5CC-554E5498CF02}.Release|Mixed Platforms.ActiveCfg = Release|x86
		{409ED2E2-9793-4E47-B5CC-554E5498CF02}.Release|Mixed Platforms.Build.0 = Release|x86
		{409ED2E2-9793-4E47-B5CC-554E5498CF02}.Release|x86.ActiveCfg = Release|x86
		{409ED2E2-9793-4E47-B5CC-554E5498CF02}.Release|x86.Build.0 = Release|x86
		{B6F61C15-5D02-4A11-A146-0678C334B274}.Debug|Any CPU.ActiveCfg = Debug|Any CPU
		{B6F61C15-5D02-4A11-A146-0678C334B274}.Debug|Any CPU.Build.0 = Debug|Any CPU
		{B6F61C15-5D02-4A11-A146-0678C334B274}.Debug|Mixed Platforms.ActiveCfg = Debug|Any CPU
		{B6F61C15-5D02-4A11-A146-0678C334B274}.Debug|Mixed Platforms.Build.0 = Debug|Any CPU
		{B6F61C15-5D02-4A11-A146-0678C334B274}.Debug|x86.ActiveCfg = Debug|Any CPU
		{B6F61C15-5D02-4A11-A146-0678C334B274}.Release|Any CPU.ActiveCfg = Release|Any CPU
		{B6F61C15-5D02-4A11-A146-0678C334B274}.Release|Any CPU.Build.0 = Release|Any CPU
		{B6F61C15-5D02-4A11-A146-0678C334B274}.Release|Mixed Platforms.ActiveCfg = Release|Any CPU
		{B6F61C15-5D02-4A11-A146-0678C334B274}.Release|Mixed Platforms.Build.0 = Release|Any CPU
		{B6F61C15-5D02-4A11-A146-0678C334B274}.Release|x86.ActiveCfg = Release|Any CPU
	EndGlobalSection
	GlobalSection(SolutionProperties) = preSolution
		HideSolutionNode = FALSE
	EndGlobalSection
EndGlobal
